{
  "name": "dxp-7.4-u69",
  "version": "1.0.0",
  "lockfileVersion": 2,
  "requires": true,
  "packages": {
    "": {
      "name": "dxp-7.4-u69",
      "version": "1.0.0",
      "license": "ISC",
      "workspaces": [
        "./generate-cli"
      ]
    },
    "generate-cli": {
      "version": "1.0.0",
      "dependencies": {
        "cross-spawn": "^7.0.3",
        "glob": "^9.3.2",
        "inquirer": "^8.2.5",
        "js-yaml": "^4.1.0",
        "mustache": "^4.2.0"
      },
      "bin": {
        "createClientExtension": "index.js"
      }
    },
    "generate-cli/node_modules/ansi-escapes": {
      "version": "4.3.2",
      "license": "MIT",
      "dependencies": {
        "type-fest": "^0.21.3"
      },
      "engines": {
        "node": ">=8"
      },
      "funding": {
        "url": "https://github.com/sponsors/sindresorhus"
      }
    },
    "generate-cli/node_modules/ansi-regex": {
      "version": "5.0.1",
      "license": "MIT",
      "engines": {
        "node": ">=8"
      }
    },
    "generate-cli/node_modules/ansi-styles": {
      "version": "4.3.0",
      "license": "MIT",
      "dependencies": {
        "color-convert": "^2.0.1"
      },
      "engines": {
        "node": ">=8"
      },
      "funding": {
        "url": "https://github.com/chalk/ansi-styles?sponsor=1"
      }
    },
    "generate-cli/node_modules/argparse": {
      "version": "2.0.1",
      "license": "Python-2.0"
    },
    "generate-cli/node_modules/balanced-match": {
      "version": "1.0.2",
      "license": "MIT"
    },
    "generate-cli/node_modules/base64-js": {
      "version": "1.5.1",
      "funding": [
        {
          "type": "github",
          "url": "https://github.com/sponsors/feross"
        },
        {
          "type": "patreon",
          "url": "https://www.patreon.com/feross"
        },
        {
          "type": "consulting",
          "url": "https://feross.org/support"
        }
      ],
      "license": "MIT"
    },
    "generate-cli/node_modules/bl": {
      "version": "4.1.0",
      "license": "MIT",
      "dependencies": {
        "buffer": "^5.5.0",
        "inherits": "^2.0.4",
        "readable-stream": "^3.4.0"
      }
    },
    "generate-cli/node_modules/brace-expansion": {
      "version": "2.0.1",
      "license": "MIT",
      "dependencies": {
        "balanced-match": "^1.0.0"
      }
    },
    "generate-cli/node_modules/buffer": {
      "version": "5.7.1",
      "funding": [
        {
          "type": "github",
          "url": "https://github.com/sponsors/feross"
        },
        {
          "type": "patreon",
          "url": "https://www.patreon.com/feross"
        },
        {
          "type": "consulting",
          "url": "https://feross.org/support"
        }
      ],
      "license": "MIT",
      "dependencies": {
        "base64-js": "^1.3.1",
        "ieee754": "^1.1.13"
      }
    },
    "generate-cli/node_modules/chalk": {
      "version": "4.1.2",
      "license": "MIT",
      "dependencies": {
        "ansi-styles": "^4.1.0",
        "supports-color": "^7.1.0"
      },
      "engines": {
        "node": ">=10"
      },
      "funding": {
        "url": "https://github.com/chalk/chalk?sponsor=1"
      }
    },
    "generate-cli/node_modules/chardet": {
      "version": "0.7.0",
      "license": "MIT"
    },
    "generate-cli/node_modules/cli-cursor": {
      "version": "3.1.0",
      "license": "MIT",
      "dependencies": {
        "restore-cursor": "^3.1.0"
      },
      "engines": {
        "node": ">=8"
      }
    },
    "generate-cli/node_modules/cli-spinners": {
      "version": "2.7.0",
      "license": "MIT",
      "engines": {
        "node": ">=6"
      },
      "funding": {
        "url": "https://github.com/sponsors/sindresorhus"
      }
    },
    "generate-cli/node_modules/cli-width": {
      "version": "3.0.0",
      "license": "ISC",
      "engines": {
        "node": ">= 10"
      }
    },
    "generate-cli/node_modules/clone": {
      "version": "1.0.4",
      "license": "MIT",
      "engines": {
        "node": ">=0.8"
      }
    },
    "generate-cli/node_modules/color-convert": {
      "version": "2.0.1",
      "license": "MIT",
      "dependencies": {
        "color-name": "~1.1.4"
      },
      "engines": {
        "node": ">=7.0.0"
      }
    },
    "generate-cli/node_modules/color-name": {
      "version": "1.1.4",
      "license": "MIT"
    },
    "generate-cli/node_modules/cross-spawn": {
      "version": "7.0.3",
      "license": "MIT",
      "dependencies": {
        "path-key": "^3.1.0",
        "shebang-command": "^2.0.0",
        "which": "^2.0.1"
      },
      "engines": {
        "node": ">= 8"
      }
    },
    "generate-cli/node_modules/defaults": {
      "version": "1.0.4",
      "license": "MIT",
      "dependencies": {
        "clone": "^1.0.2"
      },
      "funding": {
        "url": "https://github.com/sponsors/sindresorhus"
      }
    },
    "generate-cli/node_modules/emoji-regex": {
      "version": "8.0.0",
      "license": "MIT"
    },
    "generate-cli/node_modules/escape-string-regexp": {
      "version": "1.0.5",
      "license": "MIT",
      "engines": {
        "node": ">=0.8.0"
      }
    },
    "generate-cli/node_modules/external-editor": {
      "version": "3.1.0",
      "license": "MIT",
      "dependencies": {
        "chardet": "^0.7.0",
        "iconv-lite": "^0.4.24",
        "tmp": "^0.0.33"
      },
      "engines": {
        "node": ">=4"
      }
    },
    "generate-cli/node_modules/figures": {
      "version": "3.2.0",
      "license": "MIT",
      "dependencies": {
        "escape-string-regexp": "^1.0.5"
      },
      "engines": {
        "node": ">=8"
      },
      "funding": {
        "url": "https://github.com/sponsors/sindresorhus"
      }
    },
    "generate-cli/node_modules/fs.realpath": {
      "version": "1.0.0",
      "license": "ISC"
    },
    "generate-cli/node_modules/glob": {
      "version": "9.3.2",
      "license": "ISC",
      "dependencies": {
        "fs.realpath": "^1.0.0",
        "minimatch": "^7.4.1",
        "minipass": "^4.2.4",
        "path-scurry": "^1.6.1"
      },
      "engines": {
        "node": ">=16 || 14 >=14.17"
      },
      "funding": {
        "url": "https://github.com/sponsors/isaacs"
      }
    },
    "generate-cli/node_modules/has-flag": {
      "version": "4.0.0",
      "license": "MIT",
      "engines": {
        "node": ">=8"
      }
    },
    "generate-cli/node_modules/iconv-lite": {
      "version": "0.4.24",
      "license": "MIT",
      "dependencies": {
        "safer-buffer": ">= 2.1.2 < 3"
      },
      "engines": {
        "node": ">=0.10.0"
      }
    },
    "generate-cli/node_modules/ieee754": {
      "version": "1.2.1",
      "funding": [
        {
          "type": "github",
          "url": "https://github.com/sponsors/feross"
        },
        {
          "type": "patreon",
          "url": "https://www.patreon.com/feross"
        },
        {
          "type": "consulting",
          "url": "https://feross.org/support"
        }
      ],
      "license": "BSD-3-Clause"
    },
    "generate-cli/node_modules/inherits": {
      "version": "2.0.4",
      "license": "ISC"
    },
    "generate-cli/node_modules/inquirer": {
      "version": "8.2.5",
      "license": "MIT",
      "dependencies": {
        "ansi-escapes": "^4.2.1",
        "chalk": "^4.1.1",
        "cli-cursor": "^3.1.0",
        "cli-width": "^3.0.0",
        "external-editor": "^3.0.3",
        "figures": "^3.0.0",
        "lodash": "^4.17.21",
        "mute-stream": "0.0.8",
        "ora": "^5.4.1",
        "run-async": "^2.4.0",
        "rxjs": "^7.5.5",
        "string-width": "^4.1.0",
        "strip-ansi": "^6.0.0",
        "through": "^2.3.6",
        "wrap-ansi": "^7.0.0"
      },
      "engines": {
        "node": ">=12.0.0"
      }
    },
    "generate-cli/node_modules/is-fullwidth-code-point": {
      "version": "3.0.0",
      "license": "MIT",
      "engines": {
        "node": ">=8"
      }
    },
    "generate-cli/node_modules/is-interactive": {
      "version": "1.0.0",
      "license": "MIT",
      "engines": {
        "node": ">=8"
      }
    },
    "generate-cli/node_modules/is-unicode-supported": {
      "version": "0.1.0",
      "license": "MIT",
      "engines": {
        "node": ">=10"
      },
      "funding": {
        "url": "https://github.com/sponsors/sindresorhus"
      }
    },
    "generate-cli/node_modules/isexe": {
      "version": "2.0.0",
      "license": "ISC"
    },
    "generate-cli/node_modules/js-yaml": {
      "version": "4.1.0",
      "license": "MIT",
      "dependencies": {
        "argparse": "^2.0.1"
      },
      "bin": {
        "js-yaml": "bin/js-yaml.js"
      }
    },
    "generate-cli/node_modules/lodash": {
      "version": "4.17.21",
      "license": "MIT"
    },
    "generate-cli/node_modules/log-symbols": {
      "version": "4.1.0",
      "license": "MIT",
      "dependencies": {
        "chalk": "^4.1.0",
        "is-unicode-supported": "^0.1.0"
      },
      "engines": {
        "node": ">=10"
      },
      "funding": {
        "url": "https://github.com/sponsors/sindresorhus"
      }
    },
    "generate-cli/node_modules/lru-cache": {
      "version": "7.18.3",
      "license": "ISC",
      "engines": {
        "node": ">=12"
      }
    },
    "generate-cli/node_modules/mimic-fn": {
      "version": "2.1.0",
      "license": "MIT",
      "engines": {
        "node": ">=6"
      }
    },
    "generate-cli/node_modules/minimatch": {
      "version": "7.4.3",
      "license": "ISC",
      "dependencies": {
        "brace-expansion": "^2.0.1"
      },
      "engines": {
        "node": ">=10"
      },
      "funding": {
        "url": "https://github.com/sponsors/isaacs"
      }
    },
    "generate-cli/node_modules/minipass": {
      "version": "4.2.5",
      "license": "ISC",
      "engines": {
        "node": ">=8"
      }
    },
    "generate-cli/node_modules/mustache": {
      "version": "4.2.0",
      "license": "MIT",
      "bin": {
        "mustache": "bin/mustache"
      }
    },
    "generate-cli/node_modules/mute-stream": {
      "version": "0.0.8",
      "license": "ISC"
    },
    "generate-cli/node_modules/onetime": {
      "version": "5.1.2",
      "license": "MIT",
      "dependencies": {
        "mimic-fn": "^2.1.0"
      },
      "engines": {
        "node": ">=6"
      },
      "funding": {
        "url": "https://github.com/sponsors/sindresorhus"
      }
    },
    "generate-cli/node_modules/ora": {
      "version": "5.4.1",
      "license": "MIT",
      "dependencies": {
        "bl": "^4.1.0",
        "chalk": "^4.1.0",
        "cli-cursor": "^3.1.0",
        "cli-spinners": "^2.5.0",
        "is-interactive": "^1.0.0",
        "is-unicode-supported": "^0.1.0",
        "log-symbols": "^4.1.0",
        "strip-ansi": "^6.0.0",
        "wcwidth": "^1.0.1"
      },
      "engines": {
        "node": ">=10"
      },
      "funding": {
        "url": "https://github.com/sponsors/sindresorhus"
      }
    },
    "generate-cli/node_modules/os-tmpdir": {
      "version": "1.0.2",
      "license": "MIT",
      "engines": {
        "node": ">=0.10.0"
      }
    },
    "generate-cli/node_modules/path-key": {
      "version": "3.1.1",
      "license": "MIT",
      "engines": {
        "node": ">=8"
      }
    },
    "generate-cli/node_modules/path-scurry": {
      "version": "1.6.3",
      "license": "BlueOak-1.0.0",
      "dependencies": {
        "lru-cache": "^7.14.1",
        "minipass": "^4.0.2"
      },
      "engines": {
        "node": ">=16 || 14 >=14.17"
      },
      "funding": {
        "url": "https://github.com/sponsors/isaacs"
      }
    },
    "generate-cli/node_modules/readable-stream": {
      "version": "3.6.2",
      "license": "MIT",
      "dependencies": {
        "inherits": "^2.0.3",
        "string_decoder": "^1.1.1",
        "util-deprecate": "^1.0.1"
      },
      "engines": {
        "node": ">= 6"
      }
    },
    "generate-cli/node_modules/restore-cursor": {
      "version": "3.1.0",
      "license": "MIT",
      "dependencies": {
        "onetime": "^5.1.0",
        "signal-exit": "^3.0.2"
      },
      "engines": {
        "node": ">=8"
      }
    },
    "generate-cli/node_modules/run-async": {
      "version": "2.4.1",
      "license": "MIT",
      "engines": {
        "node": ">=0.12.0"
      }
    },
    "generate-cli/node_modules/rxjs": {
      "version": "7.8.0",
      "license": "Apache-2.0",
      "dependencies": {
        "tslib": "^2.1.0"
      }
    },
    "generate-cli/node_modules/safe-buffer": {
      "version": "5.2.1",
      "funding": [
        {
          "type": "github",
          "url": "https://github.com/sponsors/feross"
        },
        {
          "type": "patreon",
          "url": "https://www.patreon.com/feross"
        },
        {
          "type": "consulting",
          "url": "https://feross.org/support"
        }
      ],
      "license": "MIT"
    },
    "generate-cli/node_modules/safer-buffer": {
      "version": "2.1.2",
      "license": "MIT"
    },
    "generate-cli/node_modules/shebang-command": {
      "version": "2.0.0",
      "license": "MIT",
      "dependencies": {
        "shebang-regex": "^3.0.0"
      },
      "engines": {
        "node": ">=8"
      }
    },
    "generate-cli/node_modules/shebang-regex": {
      "version": "3.0.0",
      "license": "MIT",
      "engines": {
        "node": ">=8"
      }
    },
    "generate-cli/node_modules/signal-exit": {
      "version": "3.0.7",
      "license": "ISC"
    },
    "generate-cli/node_modules/string_decoder": {
      "version": "1.3.0",
      "license": "MIT",
      "dependencies": {
        "safe-buffer": "~5.2.0"
      }
    },
    "generate-cli/node_modules/string-width": {
      "version": "4.2.3",
      "license": "MIT",
      "dependencies": {
        "emoji-regex": "^8.0.0",
        "is-fullwidth-code-point": "^3.0.0",
        "strip-ansi": "^6.0.1"
      },
      "engines": {
        "node": ">=8"
      }
    },
    "generate-cli/node_modules/strip-ansi": {
      "version": "6.0.1",
      "license": "MIT",
      "dependencies": {
        "ansi-regex": "^5.0.1"
      },
      "engines": {
        "node": ">=8"
      }
    },
    "generate-cli/node_modules/supports-color": {
      "version": "7.2.0",
      "license": "MIT",
      "dependencies": {
        "has-flag": "^4.0.0"
      },
      "engines": {
        "node": ">=8"
      }
    },
    "generate-cli/node_modules/through": {
      "version": "2.3.8",
      "license": "MIT"
    },
    "generate-cli/node_modules/tmp": {
      "version": "0.0.33",
      "license": "MIT",
      "dependencies": {
        "os-tmpdir": "~1.0.2"
      },
      "engines": {
        "node": ">=0.6.0"
      }
    },
    "generate-cli/node_modules/tslib": {
      "version": "2.5.0",
      "license": "0BSD"
    },
    "generate-cli/node_modules/type-fest": {
      "version": "0.21.3",
      "license": "(MIT OR CC0-1.0)",
      "engines": {
        "node": ">=10"
      },
      "funding": {
        "url": "https://github.com/sponsors/sindresorhus"
      }
    },
    "generate-cli/node_modules/util-deprecate": {
      "version": "1.0.2",
      "license": "MIT"
    },
    "generate-cli/node_modules/wcwidth": {
      "version": "1.0.1",
      "license": "MIT",
      "dependencies": {
        "defaults": "^1.0.3"
      }
    },
    "generate-cli/node_modules/which": {
      "version": "2.0.2",
      "license": "ISC",
      "dependencies": {
        "isexe": "^2.0.0"
      },
      "bin": {
        "node-which": "bin/node-which"
      },
      "engines": {
        "node": ">= 8"
      }
    },
    "generate-cli/node_modules/wrap-ansi": {
      "version": "7.0.0",
      "license": "MIT",
      "dependencies": {
        "ansi-styles": "^4.0.0",
        "string-width": "^4.1.0",
        "strip-ansi": "^6.0.0"
      },
      "engines": {
        "node": ">=10"
      },
      "funding": {
        "url": "https://github.com/chalk/wrap-ansi?sponsor=1"
      }
    },
    "node_modules/generate-cli": {
      "resolved": "generate-cli",
      "link": true
    }
  },
  "dependencies": {
    "generate-cli": {
      "version": "file:generate-cli",
      "requires": {
        "cross-spawn": "^7.0.3",
        "glob": "^9.3.2",
        "inquirer": "^8.2.5",
        "js-yaml": "^4.1.0",
        "mustache": "^4.2.0"
      },
      "dependencies": {
        "ansi-escapes": {
          "version": "4.3.2",
          "requires": {
            "type-fest": "^0.21.3"
          }
        },
        "ansi-regex": {
          "version": "5.0.1"
        },
        "ansi-styles": {
          "version": "4.3.0",
          "requires": {
            "color-convert": "^2.0.1"
          }
        },
        "argparse": {
          "version": "2.0.1"
        },
        "balanced-match": {
          "version": "1.0.2"
        },
        "base64-js": {
          "version": "1.5.1"
        },
        "bl": {
          "version": "4.1.0",
          "requires": {
            "buffer": "^5.5.0",
            "inherits": "^2.0.4",
            "readable-stream": "^3.4.0"
          }
        },
        "brace-expansion": {
          "version": "2.0.1",
          "requires": {
            "balanced-match": "^1.0.0"
          }
        },
        "buffer": {
          "version": "5.7.1",
          "requires": {
            "base64-js": "^1.3.1",
            "ieee754": "^1.1.13"
          }
        },
        "chalk": {
          "version": "4.1.2",
          "requires": {
            "ansi-styles": "^4.1.0",
            "supports-color": "^7.1.0"
          }
        },
        "chardet": {
          "version": "0.7.0"
        },
        "cli-cursor": {
          "version": "3.1.0",
          "requires": {
            "restore-cursor": "^3.1.0"
          }
        },
        "cli-spinners": {
          "version": "2.7.0"
        },
        "cli-width": {
          "version": "3.0.0"
        },
        "clone": {
          "version": "1.0.4"
        },
        "color-convert": {
          "version": "2.0.1",
          "requires": {
            "color-name": "~1.1.4"
          }
        },
        "color-name": {
          "version": "1.1.4"
        },
        "cross-spawn": {
          "version": "7.0.3",
          "requires": {
            "path-key": "^3.1.0",
            "shebang-command": "^2.0.0",
            "which": "^2.0.1"
          }
        },
        "defaults": {
          "version": "1.0.4",
          "requires": {
            "clone": "^1.0.2"
          }
        },
        "emoji-regex": {
          "version": "8.0.0"
        },
        "escape-string-regexp": {
          "version": "1.0.5"
        },
        "external-editor": {
          "version": "3.1.0",
          "requires": {
            "chardet": "^0.7.0",
            "iconv-lite": "^0.4.24",
            "tmp": "^0.0.33"
          }
        },
        "figures": {
          "version": "3.2.0",
          "requires": {
            "escape-string-regexp": "^1.0.5"
          }
        },
        "fs.realpath": {
          "version": "1.0.0"
        },
        "glob": {
          "version": "9.3.2",
          "requires": {
            "fs.realpath": "^1.0.0",
            "minimatch": "^7.4.1",
            "minipass": "^4.2.4",
            "path-scurry": "^1.6.1"
          }
        },
        "has-flag": {
          "version": "4.0.0"
        },
        "iconv-lite": {
          "version": "0.4.24",
          "requires": {
            "safer-buffer": ">= 2.1.2 < 3"
          }
        },
        "ieee754": {
          "version": "1.2.1"
        },
        "inherits": {
          "version": "2.0.4"
        },
        "inquirer": {
          "version": "8.2.5",
          "requires": {
            "ansi-escapes": "^4.2.1",
            "chalk": "^4.1.1",
            "cli-cursor": "^3.1.0",
            "cli-width": "^3.0.0",
            "external-editor": "^3.0.3",
            "figures": "^3.0.0",
            "lodash": "^4.17.21",
            "mute-stream": "0.0.8",
            "ora": "^5.4.1",
            "run-async": "^2.4.0",
            "rxjs": "^7.5.5",
            "string-width": "^4.1.0",
            "strip-ansi": "^6.0.0",
            "through": "^2.3.6",
            "wrap-ansi": "^7.0.0"
          }
        },
        "is-fullwidth-code-point": {
          "version": "3.0.0"
        },
        "is-interactive": {
          "version": "1.0.0"
        },
        "is-unicode-supported": {
          "version": "0.1.0"
        },
        "isexe": {
          "version": "2.0.0"
        },
        "js-yaml": {
          "version": "4.1.0",
          "requires": {
            "argparse": "^2.0.1"
          }
        },
        "lodash": {
          "version": "4.17.21"
        },
        "log-symbols": {
          "version": "4.1.0",
          "requires": {
            "chalk": "^4.1.0",
            "is-unicode-supported": "^0.1.0"
          }
        },
        "lru-cache": {
          "version": "7.18.3"
        },
        "mimic-fn": {
          "version": "2.1.0"
        },
        "minimatch": {
          "version": "7.4.3",
          "requires": {
            "brace-expansion": "^2.0.1"
          }
        },
        "minipass": {
          "version": "4.2.5"
        },
        "mustache": {
          "version": "4.2.0"
        },
        "mute-stream": {
          "version": "0.0.8"
        },
        "onetime": {
          "version": "5.1.2",
          "requires": {
            "mimic-fn": "^2.1.0"
          }
        },
        "ora": {
          "version": "5.4.1",
          "requires": {
            "bl": "^4.1.0",
            "chalk": "^4.1.0",
            "cli-cursor": "^3.1.0",
            "cli-spinners": "^2.5.0",
            "is-interactive": "^1.0.0",
            "is-unicode-supported": "^0.1.0",
            "log-symbols": "^4.1.0",
            "strip-ansi": "^6.0.0",
            "wcwidth": "^1.0.1"
          }
        },
        "os-tmpdir": {
          "version": "1.0.2"
        },
        "path-key": {
          "version": "3.1.1"
        },
        "path-scurry": {
          "version": "1.6.3",
          "requires": {
            "lru-cache": "^7.14.1",
            "minipass": "^4.0.2"
          }
        },
        "readable-stream": {
          "version": "3.6.2",
          "requires": {
            "inherits": "^2.0.3",
            "string_decoder": "^1.1.1",
            "util-deprecate": "^1.0.1"
          }
        },
        "restore-cursor": {
          "version": "3.1.0",
          "requires": {
            "onetime": "^5.1.0",
            "signal-exit": "^3.0.2"
          }
        },
        "run-async": {
          "version": "2.4.1"
        },
        "rxjs": {
          "version": "7.8.0",
          "requires": {
            "tslib": "^2.1.0"
          }
        },
        "safe-buffer": {
          "version": "5.2.1"
        },
        "safer-buffer": {
          "version": "2.1.2"
        },
        "shebang-command": {
          "version": "2.0.0",
          "requires": {
            "shebang-regex": "^3.0.0"
          }
        },
        "shebang-regex": {
          "version": "3.0.0"
        },
        "signal-exit": {
          "version": "3.0.7"
        },
        "string_decoder": {
          "version": "1.3.0",
          "requires": {
            "safe-buffer": "~5.2.0"
          }
        },
        "string-width": {
          "version": "4.2.3",
          "requires": {
            "emoji-regex": "^8.0.0",
            "is-fullwidth-code-point": "^3.0.0",
            "strip-ansi": "^6.0.1"
          }
        },
        "strip-ansi": {
          "version": "6.0.1",
          "requires": {
            "ansi-regex": "^5.0.1"
          }
        },
        "supports-color": {
          "version": "7.2.0",
          "requires": {
            "has-flag": "^4.0.0"
          }
        },
        "through": {
          "version": "2.3.8"
        },
        "tmp": {
          "version": "0.0.33",
          "requires": {
            "os-tmpdir": "~1.0.2"
          }
        },
        "tslib": {
          "version": "2.5.0"
        },
        "type-fest": {
          "version": "0.21.3"
        },
        "util-deprecate": {
          "version": "1.0.2"
        },
        "wcwidth": {
          "version": "1.0.1",
          "requires": {
            "defaults": "^1.0.3"
          }
        },
        "which": {
          "version": "2.0.2",
          "requires": {
            "isexe": "^2.0.0"
          }
        },
        "wrap-ansi": {
          "version": "7.0.0",
          "requires": {
            "ansi-styles": "^4.0.0",
            "string-width": "^4.1.0",
            "strip-ansi": "^6.0.0"
          }
        }
      }
    }
  }
}
